
Microsoft Visual Studio Solution File, Format Version 12.00
# Visual Studio Version 17
VisualStudioVersion = 17.13.35825.156 d17.13
MinimumVisualStudioVersion = 10.0.40219.1
Project("{FAE04EC0-301F-11D3-BF4B-00C04F79EFBC}") = "MuaiAppMinhasCompras", "MuaiAppMinhasCompras\MuaiAppMinhasCompras.csproj", "{5F7BCD35-C381-4218-B7C5-032A4D89E90D}"
EndProject
Global
	GlobalSection(SolutionConfigurationPlatforms) = preSolution
		Debug|Any CPU = Debug|Any CPU
		Release|Any CPU = Release|Any CPU
	EndGlobalSection
	GlobalSection(ProjectConfigurationPlatforms) = postSolution
		{5F7BCD35-C381-4218-B7C5-032A4D89E90D}.Debug|Any CPU.ActiveCfg = Debug|Any CPU
		{5F7BCD35-C381-4218-B7C5-032A4D89E90D}.Debug|Any CPU.Build.0 = Debug|Any CPU
		{5F7BCD35-C381-4218-B7C5-032A4D89E90D}.Release|Any CPU.ActiveCfg = Release|Any CPU
		{5F7BCD35-C381-4218-B7C5-032A4D89E90D}.Release|Any CPU.Build.0 = Release|Any CPU
	EndGlobalSection
	GlobalSection(SolutionProperties) = preSolution
		HideSolutionNode = FALSE
	EndGlobalSection
	GlobalSection(ExtensibilityGlobals) = postSolution
		SolutionGuid = {CCA02B76-8202-4AE8-9C7E-8688D65DDAE0}
	EndGlobalSection
EndGlobal
